// !$*UTF8*$!
{
	archiveVersion = 1;
	classes = {
	};
	objectVersion = 56;
	objects = {

/* Begin PBXBuildFile section */
		E865E4BE297D7B8D0074B4C4 /* AppetizersApp.swift in Sources */ = {isa = PBXBuildFile; fileRef = E865E4BD297D7B8D0074B4C4 /* AppetizersApp.swift */; };
		E865E4C0297D7B8D0074B4C4 /* AppetizerTabView.swift in Sources */ = {isa = PBXBuildFile; fileRef = E865E4BF297D7B8D0074B4C4 /* AppetizerTabView.swift */; };
		E865E4C2297D7B8E0074B4C4 /* Assets.xcassets in Resources */ = {isa = PBXBuildFile; fileRef = E865E4C1297D7B8E0074B4C4 /* Assets.xcassets */; };
		E865E4C5297D7B8E0074B4C4 /* Preview Assets.xcassets in Resources */ = {isa = PBXBuildFile; fileRef = E865E4C4297D7B8E0074B4C4 /* Preview Assets.xcassets */; };
		E865E4CC297E8BEA0074B4C4 /* AppetizerListView.swift in Sources */ = {isa = PBXBuildFile; fileRef = E865E4CB297E8BEA0074B4C4 /* AppetizerListView.swift */; };
		E865E4CE297E8C1A0074B4C4 /* AccountView.swift in Sources */ = {isa = PBXBuildFile; fileRef = E865E4CD297E8C1A0074B4C4 /* AccountView.swift */; };
		E865E4D0297E8C330074B4C4 /* OrderView.swift in Sources */ = {isa = PBXBuildFile; fileRef = E865E4CF297E8C330074B4C4 /* OrderView.swift */; };
		E865E4D6297E931E0074B4C4 /* Appetizer.swift in Sources */ = {isa = PBXBuildFile; fileRef = E865E4D5297E931E0074B4C4 /* Appetizer.swift */; };
		E865E4D8297EB6690074B4C4 /* AppetizerCellView.swift in Sources */ = {isa = PBXBuildFile; fileRef = E865E4D7297EB6690074B4C4 /* AppetizerCellView.swift */; };
		E865E4DB297EB7540074B4C4 /* NetworkManager.swift in Sources */ = {isa = PBXBuildFile; fileRef = E865E4DA297EB7540074B4C4 /* NetworkManager.swift */; };
		E865E4DE297EB9890074B4C4 /* APError.swift in Sources */ = {isa = PBXBuildFile; fileRef = E865E4DD297EB9890074B4C4 /* APError.swift */; };
		E865E4E02982FD1F0074B4C4 /* AppetizerListViewModel.swift in Sources */ = {isa = PBXBuildFile; fileRef = E865E4DF2982FD1F0074B4C4 /* AppetizerListViewModel.swift */; };
		E865E4E22983054B0074B4C4 /* AlertItem.swift in Sources */ = {isa = PBXBuildFile; fileRef = E865E4E12983054B0074B4C4 /* AlertItem.swift */; };
		E865E4E429830C8F0074B4C4 /* ActivityIndicator.swift in Sources */ = {isa = PBXBuildFile; fileRef = E865E4E329830C8F0074B4C4 /* ActivityIndicator.swift */; };
		E865E4E729830E5C0074B4C4 /* Color.swift in Sources */ = {isa = PBXBuildFile; fileRef = E865E4E629830E5C0074B4C4 /* Color.swift */; };
		E865E4E929846E1A0074B4C4 /* RemoteImage.swift in Sources */ = {isa = PBXBuildFile; fileRef = E865E4E829846E1A0074B4C4 /* RemoteImage.swift */; };
		E865E4EC29853AD30074B4C4 /* AppetizerDetailView.swift in Sources */ = {isa = PBXBuildFile; fileRef = E865E4EB29853AD30074B4C4 /* AppetizerDetailView.swift */; };
		E865E4EE298541600074B4C4 /* AppetizerContentView.swift in Sources */ = {isa = PBXBuildFile; fileRef = E865E4ED298541600074B4C4 /* AppetizerContentView.swift */; };
		E865E4F1298541B40074B4C4 /* AppMainButton.swift in Sources */ = {isa = PBXBuildFile; fileRef = E865E4F0298541B40074B4C4 /* AppMainButton.swift */; };
		E865E4F3298542060074B4C4 /* CloseViewButton.swift in Sources */ = {isa = PBXBuildFile; fileRef = E865E4F2298542060074B4C4 /* CloseViewButton.swift */; };
		E865E4F52986AA550074B4C4 /* AccountViewModel.swift in Sources */ = {isa = PBXBuildFile; fileRef = E865E4F42986AA550074B4C4 /* AccountViewModel.swift */; };
		E865E4F82986ABEA0074B4C4 /* String.swift in Sources */ = {isa = PBXBuildFile; fileRef = E865E4F72986ABEA0074B4C4 /* String.swift */; };
		E865E4FA2986EDFF0074B4C4 /* User.swift in Sources */ = {isa = PBXBuildFile; fileRef = E865E4F92986EDFF0074B4C4 /* User.swift */; };
		E865E4FD2986F6C00074B4C4 /* MockData.swift in Sources */ = {isa = PBXBuildFile; fileRef = E865E4FC2986F6C00074B4C4 /* MockData.swift */; };
		E865E4FF2986FEC20074B4C4 /* EmptyState.swift in Sources */ = {isa = PBXBuildFile; fileRef = E865E4FE2986FEC20074B4C4 /* EmptyState.swift */; };
		E865E5012987028C0074B4C4 /* Order.swift in Sources */ = {isa = PBXBuildFile; fileRef = E865E5002987028C0074B4C4 /* Order.swift */; };
/* End PBXBuildFile section */

/* Begin PBXFileReference section */
		E865E4BA297D7B8D0074B4C4 /* Appetizers.app */ = {isa = PBXFileReference; explicitFileType = wrapper.application; includeInIndex = 0; path = Appetizers.app; sourceTree = BUILT_PRODUCTS_DIR; };
		E865E4BD297D7B8D0074B4C4 /* AppetizersApp.swift */ = {isa = PBXFileReference; lastKnownFileType = sourcecode.swift; path = AppetizersApp.swift; sourceTree = "<group>"; };
		E865E4BF297D7B8D0074B4C4 /* AppetizerTabView.swift */ = {isa = PBXFileReference; lastKnownFileType = sourcecode.swift; path = AppetizerTabView.swift; sourceTree = "<group>"; };
		E865E4C1297D7B8E0074B4C4 /* Assets.xcassets */ = {isa = PBXFileReference; lastKnownFileType = folder.assetcatalog; path = Assets.xcassets; sourceTree = "<group>"; };
		E865E4C4297D7B8E0074B4C4 /* Preview Assets.xcassets */ = {isa = PBXFileReference; lastKnownFileType = folder.assetcatalog; path = "Preview Assets.xcassets"; sourceTree = "<group>"; };
		E865E4CB297E8BEA0074B4C4 /* AppetizerListView.swift */ = {isa = PBXFileReference; lastKnownFileType = sourcecode.swift; path = AppetizerListView.swift; sourceTree = "<group>"; };
		E865E4CD297E8C1A0074B4C4 /* AccountView.swift */ = {isa = PBXFileReference; lastKnownFileType = sourcecode.swift; path = AccountView.swift; sourceTree = "<group>"; };
		E865E4CF297E8C330074B4C4 /* OrderView.swift */ = {isa = PBXFileReference; lastKnownFileType = sourcecode.swift; path = OrderView.swift; sourceTree = "<group>"; };
		E865E4D5297E931E0074B4C4 /* Appetizer.swift */ = {isa = PBXFileReference; lastKnownFileType = sourcecode.swift; path = Appetizer.swift; sourceTree = "<group>"; };
		E865E4D7297EB6690074B4C4 /* AppetizerCellView.swift */ = {isa = PBXFileReference; lastKnownFileType = sourcecode.swift; path = AppetizerCellView.swift; sourceTree = "<group>"; };
		E865E4DA297EB7540074B4C4 /* NetworkManager.swift */ = {isa = PBXFileReference; lastKnownFileType = sourcecode.swift; path = NetworkManager.swift; sourceTree = "<group>"; };
		E865E4DD297EB9890074B4C4 /* APError.swift */ = {isa = PBXFileReference; lastKnownFileType = sourcecode.swift; path = APError.swift; sourceTree = "<group>"; };
		E865E4DF2982FD1F0074B4C4 /* AppetizerListViewModel.swift */ = {isa = PBXFileReference; lastKnownFileType = sourcecode.swift; path = AppetizerListViewModel.swift; sourceTree = "<group>"; };
		E865E4E12983054B0074B4C4 /* AlertItem.swift */ = {isa = PBXFileReference; lastKnownFileType = sourcecode.swift; path = AlertItem.swift; sourceTree = "<group>"; };
		E865E4E329830C8F0074B4C4 /* ActivityIndicator.swift */ = {isa = PBXFileReference; lastKnownFileType = sourcecode.swift; path = ActivityIndicator.swift; sourceTree = "<group>"; };
		E865E4E629830E5C0074B4C4 /* Color.swift */ = {isa = PBXFileReference; lastKnownFileType = sourcecode.swift; path = Color.swift; sourceTree = "<group>"; };
		E865E4E829846E1A0074B4C4 /* RemoteImage.swift */ = {isa = PBXFileReference; lastKnownFileType = sourcecode.swift; path = RemoteImage.swift; sourceTree = "<group>"; };
		E865E4EB29853AD30074B4C4 /* AppetizerDetailView.swift */ = {isa = PBXFileReference; lastKnownFileType = sourcecode.swift; path = AppetizerDetailView.swift; sourceTree = "<group>"; };
		E865E4ED298541600074B4C4 /* AppetizerContentView.swift */ = {isa = PBXFileReference; lastKnownFileType = sourcecode.swift; path = AppetizerContentView.swift; sourceTree = "<group>"; };
		E865E4F0298541B40074B4C4 /* AppMainButton.swift */ = {isa = PBXFileReference; lastKnownFileType = sourcecode.swift; path = AppMainButton.swift; sourceTree = "<group>"; };
		E865E4F2298542060074B4C4 /* CloseViewButton.swift */ = {isa = PBXFileReference; lastKnownFileType = sourcecode.swift; path = CloseViewButton.swift; sourceTree = "<group>"; };
		E865E4F42986AA550074B4C4 /* AccountViewModel.swift */ = {isa = PBXFileReference; lastKnownFileType = sourcecode.swift; path = AccountViewModel.swift; sourceTree = "<group>"; };
		E865E4F72986ABEA0074B4C4 /* String.swift */ = {isa = PBXFileReference; lastKnownFileType = sourcecode.swift; path = String.swift; sourceTree = "<group>"; };
		E865E4F92986EDFF0074B4C4 /* User.swift */ = {isa = PBXFileReference; lastKnownFileType = sourcecode.swift; path = User.swift; sourceTree = "<group>"; };
		E865E4FC2986F6C00074B4C4 /* MockData.swift */ = {isa = PBXFileReference; lastKnownFileType = sourcecode.swift; path = MockData.swift; sourceTree = "<group>"; };
		E865E4FE2986FEC20074B4C4 /* EmptyState.swift */ = {isa = PBXFileReference; lastKnownFileType = sourcecode.swift; path = EmptyState.swift; sourceTree = "<group>"; };
		E865E5002987028C0074B4C4 /* Order.swift */ = {isa = PBXFileReference; lastKnownFileType = sourcecode.swift; path = Order.swift; sourceTree = "<group>"; };
/* End PBXFileReference section */

/* Begin PBXFrameworksBuildPhase section */
		E865E4B7297D7B8D0074B4C4 /* Frameworks */ = {
			isa = PBXFrameworksBuildPhase;
			buildActionMask = 2147483647;
			files = (
			);
			runOnlyForDeploymentPostprocessing = 0;
		};
/* End PBXFrameworksBuildPhase section */

/* Begin PBXGroup section */
		E865E4B1297D7B8D0074B4C4 = {
			isa = PBXGroup;
			children = (
				E865E4BC297D7B8D0074B4C4 /* Appetizers */,
				E865E4BB297D7B8D0074B4C4 /* Products */,
			);
			sourceTree = "<group>";
		};
		E865E4BB297D7B8D0074B4C4 /* Products */ = {
			isa = PBXGroup;
			children = (
				E865E4BA297D7B8D0074B4C4 /* Appetizers.app */,
			);
			name = Products;
			sourceTree = "<group>";
		};
		E865E4BC297D7B8D0074B4C4 /* Appetizers */ = {
			isa = PBXGroup;
			children = (
				E865E4FB2986F6A20074B4C4 /* Mock */,
				E865E4DC297EB9780074B4C4 /* common */,
				E865E4D1297E91120074B4C4 /* view */,
				E865E4D3297E91360074B4C4 /* viewModel */,
				E865E4D4297E91440074B4C4 /* model */,
				E865E4D9297EB7400074B4C4 /* network */,
				E865E4BD297D7B8D0074B4C4 /* AppetizersApp.swift */,
				E865E4C1297D7B8E0074B4C4 /* Assets.xcassets */,
				E865E4C3297D7B8E0074B4C4 /* Preview Content */,
			);
			path = Appetizers;
			sourceTree = "<group>";
		};
		E865E4C3297D7B8E0074B4C4 /* Preview Content */ = {
			isa = PBXGroup;
			children = (
				E865E4C4297D7B8E0074B4C4 /* Preview Assets.xcassets */,
			);
			path = "Preview Content";
			sourceTree = "<group>";
		};
		E865E4D1297E91120074B4C4 /* view */ = {
			isa = PBXGroup;
			children = (
				E865E4EF298541A20074B4C4 /* buttons */,
				E865E4EA29853AB90074B4C4 /* appetizer */,
				E865E4D2297E91270074B4C4 /* tabItems */,
				E865E4E329830C8F0074B4C4 /* ActivityIndicator.swift */,
				E865E4E829846E1A0074B4C4 /* RemoteImage.swift */,
			);
			path = view;
			sourceTree = "<group>";
		};
		E865E4D2297E91270074B4C4 /* tabItems */ = {
			isa = PBXGroup;
			children = (
				E865E4CB297E8BEA0074B4C4 /* AppetizerListView.swift */,
				E865E4CD297E8C1A0074B4C4 /* AccountView.swift */,
				E865E4CF297E8C330074B4C4 /* OrderView.swift */,
			);
			path = tabItems;
			sourceTree = "<group>";
		};
		E865E4D3297E91360074B4C4 /* viewModel */ = {
			isa = PBXGroup;
			children = (
				E865E4DF2982FD1F0074B4C4 /* AppetizerListViewModel.swift */,
				E865E4F42986AA550074B4C4 /* AccountViewModel.swift */,
			);
			path = viewModel;
			sourceTree = "<group>";
		};
		E865E4D4297E91440074B4C4 /* model */ = {
			isa = PBXGroup;
			children = (
				E865E4D5297E931E0074B4C4 /* Appetizer.swift */,
				E865E4F92986EDFF0074B4C4 /* User.swift */,
				E865E5002987028C0074B4C4 /* Order.swift */,
			);
			path = model;
			sourceTree = "<group>";
		};
		E865E4D9297EB7400074B4C4 /* network */ = {
			isa = PBXGroup;
			children = (
				E865E4DA297EB7540074B4C4 /* NetworkManager.swift */,
			);
			path = network;
			sourceTree = "<group>";
		};
		E865E4DC297EB9780074B4C4 /* common */ = {
			isa = PBXGroup;
			children = (
				E865E4E529830E4E0074B4C4 /* Ext */,
				E865E4DD297EB9890074B4C4 /* APError.swift */,
			);
			path = common;
			sourceTree = "<group>";
		};
		E865E4E529830E4E0074B4C4 /* Ext */ = {
			isa = PBXGroup;
			children = (
				E865E4E12983054B0074B4C4 /* AlertItem.swift */,
				E865E4E629830E5C0074B4C4 /* Color.swift */,
				E865E4F72986ABEA0074B4C4 /* String.swift */,
			);
			path = Ext;
			sourceTree = "<group>";
		};
		E865E4EA29853AB90074B4C4 /* appetizer */ = {
			isa = PBXGroup;
			children = (
				E865E4BF297D7B8D0074B4C4 /* AppetizerTabView.swift */,
				E865E4D7297EB6690074B4C4 /* AppetizerCellView.swift */,
				E865E4EB29853AD30074B4C4 /* AppetizerDetailView.swift */,
				E865E4ED298541600074B4C4 /* AppetizerContentView.swift */,
				E865E4FE2986FEC20074B4C4 /* EmptyState.swift */,
			);
			path = appetizer;
			sourceTree = "<group>";
		};
		E865E4EF298541A20074B4C4 /* buttons */ = {
			isa = PBXGroup;
			children = (
				E865E4F0298541B40074B4C4 /* AppMainButton.swift */,
				E865E4F2298542060074B4C4 /* CloseViewButton.swift */,
			);
			path = buttons;
			sourceTree = "<group>";
		};
		E865E4FB2986F6A20074B4C4 /* Mock */ = {
			isa = PBXGroup;
			children = (
				E865E4FC2986F6C00074B4C4 /* MockData.swift */,
			);
			path = Mock;
			sourceTree = "<group>";
		};
/* End PBXGroup section */

/* Begin PBXNativeTarget section */
		E865E4B9297D7B8D0074B4C4 /* Appetizers */ = {
			isa = PBXNativeTarget;
			buildConfigurationList = E865E4C8297D7B8E0074B4C4 /* Build configuration list for PBXNativeTarget "Appetizers" */;
			buildPhases = (
				E865E4B6297D7B8D0074B4C4 /* Sources */,
				E865E4B7297D7B8D0074B4C4 /* Frameworks */,
				E865E4B8297D7B8D0074B4C4 /* Resources */,
			);
			buildRules = (
			);
			dependencies = (
			);
			name = Appetizers;
			productName = Appetizers;
			productReference = E865E4BA297D7B8D0074B4C4 /* Appetizers.app */;
			productType = "com.apple.product-type.application";
		};
/* End PBXNativeTarget section */

/* Begin PBXProject section */
		E865E4B2297D7B8D0074B4C4 /* Project object */ = {
			isa = PBXProject;
			attributes = {
				BuildIndependentTargetsInParallel = 1;
				LastSwiftUpdateCheck = 1420;
				LastUpgradeCheck = 1420;
				TargetAttributes = {
					E865E4B9297D7B8D0074B4C4 = {
						CreatedOnToolsVersion = 14.2;
					};
				};
			};
			buildConfigurationList = E865E4B5297D7B8D0074B4C4 /* Build configuration list for PBXProject "Appetizers" */;
			compatibilityVersion = "Xcode 14.0";
			developmentRegion = en;
			hasScannedForEncodings = 0;
			knownRegions = (
				en,
				Base,
			);
			mainGroup = E865E4B1297D7B8D0074B4C4;
			productRefGroup = E865E4BB297D7B8D0074B4C4 /* Products */;
			projectDirPath = "";
			projectRoot = "";
			targets = (
				E865E4B9297D7B8D0074B4C4 /* Appetizers */,
			);
		};
/* End PBXProject section */

/* Begin PBXResourcesBuildPhase section */
		E865E4B8297D7B8D0074B4C4 /* Resources */ = {
			isa = PBXResourcesBuildPhase;
			buildActionMask = 2147483647;
			files = (
				E865E4C5297D7B8E0074B4C4 /* Preview Assets.xcassets in Resources */,
				E865E4C2297D7B8E0074B4C4 /* Assets.xcassets in Resources */,
			);
			runOnlyForDeploymentPostprocessing = 0;
		};
/* End PBXResourcesBuildPhase section */

/* Begin PBXSourcesBuildPhase section */
		E865E4B6297D7B8D0074B4C4 /* Sources */ = {
			isa = PBXSourcesBuildPhase;
			buildActionMask = 2147483647;
			files = (
				E865E4FF2986FEC20074B4C4 /* EmptyState.swift in Sources */,
				E865E4E22983054B0074B4C4 /* AlertItem.swift in Sources */,
				E865E4D6297E931E0074B4C4 /* Appetizer.swift in Sources */,
				E865E4F82986ABEA0074B4C4 /* String.swift in Sources */,
				E865E4DE297EB9890074B4C4 /* APError.swift in Sources */,
				E865E4F1298541B40074B4C4 /* AppMainButton.swift in Sources */,
				E865E4CE297E8C1A0074B4C4 /* AccountView.swift in Sources */,
				E865E4E729830E5C0074B4C4 /* Color.swift in Sources */,
				E865E4E429830C8F0074B4C4 /* ActivityIndicator.swift in Sources */,
				E865E4E02982FD1F0074B4C4 /* AppetizerListViewModel.swift in Sources */,
				E865E4FD2986F6C00074B4C4 /* MockData.swift in Sources */,
				E865E4CC297E8BEA0074B4C4 /* AppetizerListView.swift in Sources */,
				E865E4C0297D7B8D0074B4C4 /* AppetizerTabView.swift in Sources */,
				E865E4F52986AA550074B4C4 /* AccountViewModel.swift in Sources */,
				E865E4E929846E1A0074B4C4 /* RemoteImage.swift in Sources */,
				E865E4F3298542060074B4C4 /* CloseViewButton.swift in Sources */,
				E865E4EC29853AD30074B4C4 /* AppetizerDetailView.swift in Sources */,
				E865E4DB297EB7540074B4C4 /* NetworkManager.swift in Sources */,
				E865E5012987028C0074B4C4 /* Order.swift in Sources */,
				E865E4D8297EB6690074B4C4 /* AppetizerCellView.swift in Sources */,
				E865E4BE297D7B8D0074B4C4 /* AppetizersApp.swift in Sources */,
				E865E4D0297E8C330074B4C4 /* OrderView.swift in Sources */,
				E865E4EE298541600074B4C4 /* AppetizerContentView.swift in Sources */,
				E865E4FA2986EDFF0074B4C4 /* User.swift in Sources */,
			);
			runOnlyForDeploymentPostprocessing = 0;
		};
/* End PBXSourcesBuildPhase section */

/* Begin XCBuildConfiguration section */
		E865E4C6297D7B8E0074B4C4 /* Debug */ = {
			isa = XCBuildConfiguration;
			buildSettings = {
				ALWAYS_SEARCH_USER_PATHS = NO;
				CLANG_ANALYZER_NONNULL = YES;
				CLANG_ANALYZER_NUMBER_OBJECT_CONVERSION = YES_AGGRESSIVE;
				CLANG_CXX_LANGUAGE_STANDARD = "gnu++20";
				CLANG_ENABLE_MODULES = YES;
				CLANG_ENABLE_OBJC_ARC = YES;
				CLANG_ENABLE_OBJC_WEAK = YES;
				CLANG_WARN_BLOCK_CAPTURE_AUTORELEASING = YES;
				CLANG_WARN_BOOL_CONVERSION = YES;
				CLANG_WARN_COMMA = YES;
				CLANG_WARN_CONSTANT_CONVERSION = YES;
				CLANG_WARN_DEPRECATED_OBJC_IMPLEMENTATIONS = YES;
				CLANG_WARN_DIRECT_OBJC_ISA_USAGE = YES_ERROR;
				CLANG_WARN_DOCUMENTATION_COMMENTS = YES;
				CLANG_WARN_EMPTY_BODY = YES;
				CLANG_WARN_ENUM_CONVERSION = YES;
				CLANG_WARN_INFINITE_RECURSION = YES;
				CLANG_WARN_INT_CONVERSION = YES;
				CLANG_WARN_NON_LITERAL_NULL_CONVERSION = YES;
				CLANG_WARN_OBJC_IMPLICIT_RETAIN_SELF = YES;
				CLANG_WARN_OBJC_LITERAL_CONVERSION = YES;
				CLANG_WARN_OBJC_ROOT_CLASS = YES_ERROR;
				CLANG_WARN_QUOTED_INCLUDE_IN_FRAMEWORK_HEADER = YES;
				CLANG_WARN_RANGE_LOOP_ANALYSIS = YES;
				CLANG_WARN_STRICT_PROTOTYPES = YES;
				CLANG_WARN_SUSPICIOUS_MOVE = YES;
				CLANG_WARN_UNGUARDED_AVAILABILITY = YES_AGGRESSIVE;
				CLANG_WARN_UNREACHABLE_CODE = YES;
				CLANG_WARN__DUPLICATE_METHOD_MATCH = YES;
				COPY_PHASE_STRIP = NO;
				DEBUG_INFORMATION_FORMAT = dwarf;
				ENABLE_STRICT_OBJC_MSGSEND = YES;
				ENABLE_TESTABILITY = YES;
				GCC_C_LANGUAGE_STANDARD = gnu11;
				GCC_DYNAMIC_NO_PIC = NO;
				GCC_NO_COMMON_BLOCKS = YES;
				GCC_OPTIMIZATION_LEVEL = 0;
				GCC_PREPROCESSOR_DEFINITIONS = (
					"DEBUG=1",
					"$(inherited)",
				);
				GCC_WARN_64_TO_32_BIT_CONVERSION = YES;
				GCC_WARN_ABOUT_RETURN_TYPE = YES_ERROR;
				GCC_WARN_UNDECLARED_SELECTOR = YES;
				GCC_WARN_UNINITIALIZED_AUTOS = YES_AGGRESSIVE;
				GCC_WARN_UNUSED_FUNCTION = YES;
				GCC_WARN_UNUSED_VARIABLE = YES;
				IPHONEOS_DEPLOYMENT_TARGET = 16.2;
				MTL_ENABLE_DEBUG_INFO = INCLUDE_SOURCE;
				MTL_FAST_MATH = YES;
				ONLY_ACTIVE_ARCH = YES;
				SDKROOT = iphoneos;
				SWIFT_ACTIVE_COMPILATION_CONDITIONS = DEBUG;
				SWIFT_OPTIMIZATION_LEVEL = "-Onone";
			};
			name = Debug;
		};
		E865E4C7297D7B8E0074B4C4 /* Release */ = {
			isa = XCBuildConfiguration;
			buildSettings = {
				ALWAYS_SEARCH_USER_PATHS = NO;
				CLANG_ANALYZER_NONNULL = YES;
				CLANG_ANALYZER_NUMBER_OBJECT_CONVERSION = YES_AGGRESSIVE;
				CLANG_CXX_LANGUAGE_STANDARD = "gnu++20";
				CLANG_ENABLE_MODULES = YES;
				CLANG_ENABLE_OBJC_ARC = YES;
				CLANG_ENABLE_OBJC_WEAK = YES;
				CLANG_WARN_BLOCK_CAPTURE_AUTORELEASING = YES;
				CLANG_WARN_BOOL_CONVERSION = YES;
				CLANG_WARN_COMMA = YES;
				CLANG_WARN_CONSTANT_CONVERSION = YES;
				CLANG_WARN_DEPRECATED_OBJC_IMPLEMENTATIONS = YES;
				CLANG_WARN_DIRECT_OBJC_ISA_USAGE = YES_ERROR;
				CLANG_WARN_DOCUMENTATION_COMMENTS = YES;
				CLANG_WARN_EMPTY_BODY = YES;
				CLANG_WARN_ENUM_CONVERSION = YES;
				CLANG_WARN_INFINITE_RECURSION = YES;
				CLANG_WARN_INT_CONVERSION = YES;
				CLANG_WARN_NON_LITERAL_NULL_CONVERSION = YES;
				CLANG_WARN_OBJC_IMPLICIT_RETAIN_SELF = YES;
				CLANG_WARN_OBJC_LITERAL_CONVERSION = YES;
				CLANG_WARN_OBJC_ROOT_CLASS = YES_ERROR;
				CLANG_WARN_QUOTED_INCLUDE_IN_FRAMEWORK_HEADER = YES;
				CLANG_WARN_RANGE_LOOP_ANALYSIS = YES;
				CLANG_WARN_STRICT_PROTOTYPES = YES;
				CLANG_WARN_SUSPICIOUS_MOVE = YES;
				CLANG_WARN_UNGUARDED_AVAILABILITY = YES_AGGRESSIVE;
				CLANG_WARN_UNREACHABLE_CODE = YES;
				CLANG_WARN__DUPLICATE_METHOD_MATCH = YES;
				COPY_PHASE_STRIP = NO;
				DEBUG_INFORMATION_FORMAT = "dwarf-with-dsym";
				ENABLE_NS_ASSERTIONS = NO;
				ENABLE_STRICT_OBJC_MSGSEND = YES;
				GCC_C_LANGUAGE_STANDARD = gnu11;
				GCC_NO_COMMON_BLOCKS = YES;
				GCC_WARN_64_TO_32_BIT_CONVERSION = YES;
				GCC_WARN_ABOUT_RETURN_TYPE = YES_ERROR;
				GCC_WARN_UNDECLARED_SELECTOR = YES;
				GCC_WARN_UNINITIALIZED_AUTOS = YES_AGGRESSIVE;
				GCC_WARN_UNUSED_FUNCTION = YES;
				GCC_WARN_UNUSED_VARIABLE = YES;
				IPHONEOS_DEPLOYMENT_TARGET = 16.2;
				MTL_ENABLE_DEBUG_INFO = NO;
				MTL_FAST_MATH = YES;
				SDKROOT = iphoneos;
				SWIFT_COMPILATION_MODE = wholemodule;
				SWIFT_OPTIMIZATION_LEVEL = "-O";
				VALIDATE_PRODUCT = YES;
			};
			name = Release;
		};
		E865E4C9297D7B8E0074B4C4 /* Debug */ = {
			isa = XCBuildConfiguration;
			buildSettings = {
				ASSETCATALOG_COMPILER_APPICON_NAME = AppIcon;
				ASSETCATALOG_COMPILER_GLOBAL_ACCENT_COLOR_NAME = AccentColor;
				CODE_SIGN_STYLE = Automatic;
				CURRENT_PROJECT_VERSION = 1;
				DEVELOPMENT_ASSET_PATHS = "\"Appetizers/Preview Content\"";
				DEVELOPMENT_TEAM = DHKYX69V83;
				ENABLE_PREVIEWS = YES;
				GENERATE_INFOPLIST_FILE = YES;
				INFOPLIST_KEY_UIApplicationSceneManifest_Generation = YES;
				INFOPLIST_KEY_UIApplicationSupportsIndirectInputEvents = YES;
				INFOPLIST_KEY_UILaunchScreen_Generation = YES;
				INFOPLIST_KEY_UISupportedInterfaceOrientations_iPad = "UIInterfaceOrientationPortrait UIInterfaceOrientationPortraitUpsideDown UIInterfaceOrientationLandscapeLeft UIInterfaceOrientationLandscapeRight";
				INFOPLIST_KEY_UISupportedInterfaceOrientations_iPhone = "UIInterfaceOrientationPortrait UIInterfaceOrientationLandscapeLeft UIInterfaceOrientationLandscapeRight";
				LD_RUNPATH_SEARCH_PATHS = (
					"$(inherited)",
					"@executable_path/Frameworks",
				);
				MARKETING_VERSION = 1.0;
				PRODUCT_BUNDLE_IDENTIFIER = com.farkhodkhaknazarov.Appetizers;
				PRODUCT_NAME = "$(TARGET_NAME)";
				SWIFT_EMIT_LOC_STRINGS = YES;
				SWIFT_VERSION = 5.0;
				TARGETED_DEVICE_FAMILY = "1,2";
			};
			name = Debug;
		};
		E865E4CA297D7B8E0074B4C4 /* Release */ = {
			isa = XCBuildConfiguration;
			buildSettings = {
				ASSETCATALOG_COMPILER_APPICON_NAME = AppIcon;
				ASSETCATALOG_COMPILER_GLOBAL_ACCENT_COLOR_NAME = AccentColor;
				CODE_SIGN_STYLE = Automatic;
				CURRENT_PROJECT_VERSION = 1;
				DEVELOPMENT_ASSET_PATHS = "\"Appetizers/Preview Content\"";
				DEVELOPMENT_TEAM = DHKYX69V83;
				ENABLE_PREVIEWS = YES;
				GENERATE_INFOPLIST_FILE = YES;
				INFOPLIST_KEY_UIApplicationSceneManifest_Generation = YES;
				INFOPLIST_KEY_UIApplicationSupportsIndirectInputEvents = YES;
				INFOPLIST_KEY_UILaunchScreen_Generation = YES;
				INFOPLIST_KEY_UISupportedInterfaceOrientations_iPad = "UIInterfaceOrientationPortrait UIInterfaceOrientationPortraitUpsideDown UIInterfaceOrientationLandscapeLeft UIInterfaceOrientationLandscapeRight";
				INFOPLIST_KEY_UISupportedInterfaceOrientations_iPhone = "UIInterfaceOrientationPortrait UIInterfaceOrientationLandscapeLeft UIInterfaceOrientationLandscapeRight";
				LD_RUNPATH_SEARCH_PATHS = (
					"$(inherited)",
					"@executable_path/Frameworks",
				);
				MARKETING_VERSION = 1.0;
				PRODUCT_BUNDLE_IDENTIFIER = com.farkhodkhaknazarov.Appetizers;
				PRODUCT_NAME = "$(TARGET_NAME)";
				SWIFT_EMIT_LOC_STRINGS = YES;
				SWIFT_VERSION = 5.0;
				TARGETED_DEVICE_FAMILY = "1,2";
			};
			name = Release;
		};
/* End XCBuildConfiguration section */

/* Begin XCConfigurationList section */
		E865E4B5297D7B8D0074B4C4 /* Build configuration list for PBXProject "Appetizers" */ = {
			isa = XCConfigurationList;
			buildConfigurations = (
				E865E4C6297D7B8E0074B4C4 /* Debug */,
				E865E4C7297D7B8E0074B4C4 /* Release */,
			);
			defaultConfigurationIsVisible = 0;
			defaultConfigurationName = Release;
		};
		E865E4C8297D7B8E0074B4C4 /* Build configuration list for PBXNativeTarget "Appetizers" */ = {
			isa = XCConfigurationList;
			buildConfigurations = (
				E865E4C9297D7B8E0074B4C4 /* Debug */,
				E865E4CA297D7B8E0074B4C4 /* Release */,
			);
			defaultConfigurationIsVisible = 0;
			defaultConfigurationName = Release;
		};
/* End XCConfigurationList section */
	};
	rootObject = E865E4B2297D7B8D0074B4C4 /* Project object */;
}
